
Microsoft Visual Studio Solution File, Format Version 12.00
# Visual Studio Version 17
VisualStudioVersion = 17.0.31903.59
MinimumVisualStudioVersion = 10.0.40219.1
Project("{2150E333-8FDC-42A3-9474-1A3956D46DE8}") = "src", "src", "{DD2194D0-0BB9-41A2-9916-F8CC0DF7AF38}"
EndProject
Project("{FAE04EC0-301F-11D3-BF4B-00C04F79EFBC}") = "PersonalTouzi.Core", "src\PersonalTouzi.Core\PersonalTouzi.Core.csproj", "{5B187B27-E23A-4088-A800-995FEEC7C61D}"
EndProject
Project("{FAE04EC0-301F-11D3-BF4B-00C04F79EFBC}") = "PersonalTouzi.Infrastructure", "src\PersonalTouzi.Infrastructure\PersonalTouzi.Infrastructure.csproj", "{D3CA5893-75F2-47FF-9594-CB5282D9B70F}"
EndProject
Project("{FAE04EC0-301F-11D3-BF4B-00C04F79EFBC}") = "PersonalTouzi.Api", "src\PersonalTouzi.Api\PersonalTouzi.Api.csproj", "{01C001FA-06A9-4E84-90AC-3A62DC0FA980}"
EndProject
Global
	GlobalSection(SolutionConfigurationPlatforms) = preSolution
		Debug|Any CPU = Debug|Any CPU
		Release|Any CPU = Release|Any CPU
	EndGlobalSection
	GlobalSection(SolutionProperties) = preSolution
		HideSolutionNode = FALSE
	EndGlobalSection
	GlobalSection(ProjectConfigurationPlatforms) = postSolution
		{5B187B27-E23A-4088-A800-995FEEC7C61D}.Debug|Any CPU.ActiveCfg = Debug|Any CPU
		{5B187B27-E23A-4088-A800-995FEEC7C61D}.Debug|Any CPU.Build.0 = Debug|Any CPU
		{5B187B27-E23A-4088-A800-995FEEC7C61D}.Release|Any CPU.ActiveCfg = Release|Any CPU
		{5B187B27-E23A-4088-A800-995FEEC7C61D}.Release|Any CPU.Build.0 = Release|Any CPU
		{D3CA5893-75F2-47FF-9594-CB5282D9B70F}.Debug|Any CPU.ActiveCfg = Debug|Any CPU
		{D3CA5893-75F2-47FF-9594-CB5282D9B70F}.Debug|Any CPU.Build.0 = Debug|Any CPU
		{D3CA5893-75F2-47FF-9594-CB5282D9B70F}.Release|Any CPU.ActiveCfg = Release|Any CPU
		{D3CA5893-75F2-47FF-9594-CB5282D9B70F}.Release|Any CPU.Build.0 = Release|Any CPU
		{01C001FA-06A9-4E84-90AC-3A62DC0FA980}.Debug|Any CPU.ActiveCfg = Debug|Any CPU
		{01C001FA-06A9-4E84-90AC-3A62DC0FA980}.Debug|Any CPU.Build.0 = Debug|Any CPU
		{01C001FA-06A9-4E84-90AC-3A62DC0FA980}.Release|Any CPU.ActiveCfg = Release|Any CPU
		{01C001FA-06A9-4E84-90AC-3A62DC0FA980}.Release|Any CPU.Build.0 = Release|Any CPU
	EndGlobalSection
	GlobalSection(NestedProjects) = preSolution
		{5B187B27-E23A-4088-A800-995FEEC7C61D} = {DD2194D0-0BB9-41A2-9916-F8CC0DF7AF38}
		{D3CA5893-75F2-47FF-9594-CB5282D9B70F} = {DD2194D0-0BB9-41A2-9916-F8CC0DF7AF38}
		{01C001FA-06A9-4E84-90AC-3A62DC0FA980} = {DD2194D0-0BB9-41A2-9916-F8CC0DF7AF38}
	EndGlobalSection
EndGlobal
